
Microsoft Visual Studio Solution File, Format Version 12.00
# Visual Studio 15
VisualStudioVersion = 15.0.28010.2026
MinimumVisualStudioVersion = 10.0.40219.1
Project("{FAE04EC0-301F-11D3-BF4B-00C04F79EFBC}") = "CityProject.API", "CityProject.API\CityProject.API.csproj", "{D7C41438-E542-4AD5-8ABC-C2275F6E5D0C}"
EndProject
Global
	GlobalSection(SolutionConfigurationPlatforms) = preSolution
		Debug|Any CPU = Debug|Any CPU
		Release|Any CPU = Release|Any CPU
	EndGlobalSection
	GlobalSection(ProjectConfigurationPlatforms) = postSolution
		{D7C41438-E542-4AD5-8ABC-C2275F6E5D0C}.Debug|Any CPU.ActiveCfg = Debug|Any CPU
		{D7C41438-E542-4AD5-8ABC-C2275F6E5D0C}.Debug|Any CPU.Build.0 = Debug|Any CPU
		{D7C41438-E542-4AD5-8ABC-C2275F6E5D0C}.Release|Any CPU.ActiveCfg = Release|Any CPU
		{D7C41438-E542-4AD5-8ABC-C2275F6E5D0C}.Release|Any CPU.Build.0 = Release|Any CPU
	EndGlobalSection
	GlobalSection(SolutionProperties) = preSolution
		HideSolutionNode = FALSE
	EndGlobalSection
	GlobalSection(ExtensibilityGlobals) = postSolution
		SolutionGuid = {09C171E5-22F3-4ABA-ACD1-3DB5E08E7280}
	EndGlobalSection
EndGlobal
